
Microsoft Visual Studio Solution File, Format Version 12.00
# Visual Studio Version 16
VisualStudioVersion = 16.0.29905.134
MinimumVisualStudioVersion = 10.0.40219.1
Project("{FAE04EC0-301F-11D3-BF4B-00C04F79EFBC}") = "Shell", "Shell\Shell.csproj", "{F06843A2-3486-4995-93C7-A4FF137AF5AB}"
EndProject
Project("{FAE04EC0-301F-11D3-BF4B-00C04F79EFBC}") = "MusicPlayerAPI", "MusicPlayerAPI\MusicPlayerAPI.csproj", "{62547F54-E189-4996-B522-36C9A4DF9EF4}"
EndProject
Project("{FAE04EC0-301F-11D3-BF4B-00C04F79EFBC}") = "MusicPlayerModule", "MusicPlayerModule\MusicPlayerModule.csproj", "{74D062BA-60C7-4CA2-8034-91925804142D}"
EndProject
Global
	GlobalSection(SolutionConfigurationPlatforms) = preSolution
		Debug|Any CPU = Debug|Any CPU
		Release|Any CPU = Release|Any CPU
	EndGlobalSection
	GlobalSection(ProjectConfigurationPlatforms) = postSolution
		{F06843A2-3486-4995-93C7-A4FF137AF5AB}.Debug|Any CPU.ActiveCfg = Debug|Any CPU
		{F06843A2-3486-4995-93C7-A4FF137AF5AB}.Debug|Any CPU.Build.0 = Debug|Any CPU
		{F06843A2-3486-4995-93C7-A4FF137AF5AB}.Release|Any CPU.ActiveCfg = Release|Any CPU
		{F06843A2-3486-4995-93C7-A4FF137AF5AB}.Release|Any CPU.Build.0 = Release|Any CPU
		{62547F54-E189-4996-B522-36C9A4DF9EF4}.Debug|Any CPU.ActiveCfg = Debug|Any CPU
		{62547F54-E189-4996-B522-36C9A4DF9EF4}.Debug|Any CPU.Build.0 = Debug|Any CPU
		{62547F54-E189-4996-B522-36C9A4DF9EF4}.Release|Any CPU.ActiveCfg = Release|Any CPU
		{62547F54-E189-4996-B522-36C9A4DF9EF4}.Release|Any CPU.Build.0 = Release|Any CPU
		{74D062BA-60C7-4CA2-8034-91925804142D}.Debug|Any CPU.ActiveCfg = Debug|Any CPU
		{74D062BA-60C7-4CA2-8034-91925804142D}.Debug|Any CPU.Build.0 = Debug|Any CPU
		{74D062BA-60C7-4CA2-8034-91925804142D}.Release|Any CPU.ActiveCfg = Release|Any CPU
		{74D062BA-60C7-4CA2-8034-91925804142D}.Release|Any CPU.Build.0 = Release|Any CPU
	EndGlobalSection
	GlobalSection(SolutionProperties) = preSolution
		HideSolutionNode = FALSE
	EndGlobalSection
	GlobalSection(ExtensibilityGlobals) = postSolution
		SolutionGuid = {C19B2726-14AA-4B46-9F15-10316C3F9372}
	EndGlobalSection
EndGlobal
